
Microsoft Visual Studio Solution File, Format Version 12.00
# Visual Studio Version 17
VisualStudioVersion = 17.2.32630.192
MinimumVisualStudioVersion = 10.0.40219.1
Project("{FAE04EC0-301F-11D3-BF4B-00C04F79EFBC}") = "TheJokesApp", "TheJokesApp\TheJokesApp.csproj", "{DD432F40-244A-4B98-B0D2-E95D59E9C67A}"
EndProject
Global
	GlobalSection(SolutionConfigurationPlatforms) = preSolution
		Debug|Any CPU = Debug|Any CPU
		Release|Any CPU = Release|Any CPU
	EndGlobalSection
	GlobalSection(ProjectConfigurationPlatforms) = postSolution
		{DD432F40-244A-4B98-B0D2-E95D59E9C67A}.Debug|Any CPU.ActiveCfg = Debug|Any CPU
		{DD432F40-244A-4B98-B0D2-E95D59E9C67A}.Debug|Any CPU.Build.0 = Debug|Any CPU
		{DD432F40-244A-4B98-B0D2-E95D59E9C67A}.Release|Any CPU.ActiveCfg = Release|Any CPU
		{DD432F40-244A-4B98-B0D2-E95D59E9C67A}.Release|Any CPU.Build.0 = Release|Any CPU
	EndGlobalSection
	GlobalSection(SolutionProperties) = preSolution
		HideSolutionNode = FALSE
	EndGlobalSection
	GlobalSection(ExtensibilityGlobals) = postSolution
		SolutionGuid = {C5D34715-A851-4616-B27D-AABF9E88003B}
	EndGlobalSection
EndGlobal
